{
  "nodes": {
    "fenix": {
      "inputs": {
        "nixpkgs": [
          "nixpkgs"
        ],
        "rust-analyzer-src": "rust-analyzer-src"
      },
      "locked": {
        "lastModified": 1706336364,
        "narHash": "sha256-mJ5i2YIVKv6jTN2+l3oOUUej2NUVjJX/H3bAq6019ks=",
        "owner": "nix-community",
        "repo": "fenix",
        "rev": "eb683549b7d76b12d1a009f888b91b70ed34485f",
        "type": "github"
      },
      "original": {
        "owner": "nix-community",
        "repo": "fenix",
        "type": "github"
      }
    },
    "nixpkgs": {
      "locked": {
        "lastModified": 1706191920,
        "narHash": "sha256-eLihrZAPZX0R6RyM5fYAWeKVNuQPYjAkCUBr+JNvtdE=",
        "owner": "NixOS",
        "repo": "nixpkgs",
        "rev": "ae5c332cbb5827f6b1f02572496b141021de335f",
        "type": "github"
      },
      "original": {
        "id": "nixpkgs",
        "type": "indirect"
      }
    },
    "root": {
      "inputs": {
        "fenix": "fenix",
        "nixpkgs": "nixpkgs",
        "rust-manifest": "rust-manifest"
      }
    },
    "rust-analyzer-src": {
      "flake": false,
      "locked": {
        "lastModified": 1706295183,
        "narHash": "sha256-VSyMaUsXfjb31B8/uT5cM5qXC1VOHLVsCi/bQuo3O/g=",
        "owner": "rust-lang",
        "repo": "rust-analyzer",
        "rev": "596e5c77cf5b2b660b3ac2ce732fa0596c246d9b",
        "type": "github"
      },
      "original": {
        "owner": "rust-lang",
        "ref": "nightly",
        "repo": "rust-analyzer",
        "type": "github"
      }
    },
    "rust-manifest": {
      "flake": false,
      "locked": {
        "narHash": "sha256-nMNb1c77yIbtw5o6nImeS5X5aU9vyxoc4wVtKBCa+/0=",
        "type": "file",
        "url": "https://static.rust-lang.org/dist/channel-rust-nightly.toml"
      },
      "original": {
        "type": "file",
        "url": "https://static.rust-lang.org/dist/channel-rust-nightly.toml"
      }
    }
  },
  "root": "root",
  "version": 7
}
